{
  "name": "CyberThreat",
  "lockfileVersion": 3,
  "requires": true,
  "packages": {
    "": {
      "dependencies": {
        "dpk_cursor": "^1.0.7"
      }
    },
    "node_modules/dpk_cursor": {
      "version": "1.0.7",
      "resolved": "https://registry.npmjs.org/dpk_cursor/-/dpk_cursor-1.0.7.tgz",
      "integrity": "sha512-PwScalrCHVPWQsmZJSF4tq2lyJoDnSG/bOl9fjFIC9eN2W2DcanVyT7ImSiWGHfQpgnemFHoRRSs+KSEw04Zpg==",
      "license": "MIT"
    }
  }
}
